{
  "object": {
    "pins": [
      {
        "package": "Poste",
        "repositoryURL": "https://github.com/minacle/Poste",
        "state": {
          "branch": null,
          "revision": "cd3cae796343fa06290e1d02d7ecf2f57dca9f4c",
          "version": null
        }
      }
    ]
  },
  "version": 1
}
