{
  "object": {
    "pins": [
      {
        "package": "Poste",
        "repositoryURL": "https://github.com/minacle/Poste",
        "state": {
          "branch": null,
          "revision": "d7cfc559f43b67d911c3e57d7ec3bcdb5a4ae608",
          "version": "1.0.0"
        }
      }
    ]
  },
  "version": 1
}
